
Microsoft Visual Studio Solution File, Format Version 12.00
# Visual Studio Version 17
VisualStudioVersion = 17.2.32616.157
MinimumVisualStudioVersion = 10.0.40219.1
Project("{FAE04EC0-301F-11D3-BF4B-00C04F79EFBC}") = "WpfDemo", "WpfDemo\WpfDemo.csproj", "{46F623A8-294B-4C1D-A127-EF077C295197}"
EndProject
Global
	GlobalSection(SolutionConfigurationPlatforms) = preSolution
		Debug|Any CPU = Debug|Any CPU
		Release|Any CPU = Release|Any CPU
	EndGlobalSection
	GlobalSection(ProjectConfigurationPlatforms) = postSolution
		{46F623A8-294B-4C1D-A127-EF077C295197}.Debug|Any CPU.ActiveCfg = Debug|Any CPU
		{46F623A8-294B-4C1D-A127-EF077C295197}.Debug|Any CPU.Build.0 = Debug|Any CPU
		{46F623A8-294B-4C1D-A127-EF077C295197}.Release|Any CPU.ActiveCfg = Release|Any CPU
		{46F623A8-294B-4C1D-A127-EF077C295197}.Release|Any CPU.Build.0 = Release|Any CPU
	EndGlobalSection
	GlobalSection(SolutionProperties) = preSolution
		HideSolutionNode = FALSE
	EndGlobalSection
	GlobalSection(ExtensibilityGlobals) = postSolution
		SolutionGuid = {FC1790E3-A09A-48C9-83B6-C9DB0568D11B}
	EndGlobalSection
EndGlobal
